Microsoft Visual Studio Solution File, Format Version 12.00
# Visual Studio Version 17
VisualStudioVersion = 17.5.2.0
MinimumVisualStudioVersion = 10.0.40219.1
Project("{2150E333-8FDC-42A3-9474-1A3956D46DE8}") = "backend", "backend", "{1AE8ACA6-933B-BF2A-3671-3E2EAC007D16}"
EndProject
Project("{FAE04EC0-301F-11D3-BF4B-00C04F79EFBC}") = "InteractHub.API", "backend\InteractHub.API\InteractHub.API.csproj", "{531E56B1-0CD2-6D43-17AF-12FA26533E5A}"
EndProject
Project("{FAE04EC0-301F-11D3-BF4B-00C04F79EFBC}") = "InteractHub.Tests", "backend\InteractHub.Tests\InteractHub.Tests.csproj", "{40C4DCF4-6D52-0DDA-3E01-4FFAD78099CC}"
EndProject
Global
	GlobalSection(SolutionConfigurationPlatforms) = preSolution
		Debug|Any CPU = Debug|Any CPU
		Release|Any CPU = Release|Any CPU
	EndGlobalSection
	GlobalSection(ProjectConfigurationPlatforms) = postSolution
		{531E56B1-0CD2-6D43-17AF-12FA26533E5A}.Debug|Any CPU.ActiveCfg = Debug|Any CPU
		{531E56B1-0CD2-6D43-17AF-12FA26533E5A}.Debug|Any CPU.Build.0 = Debug|Any CPU
		{531E56B1-0CD2-6D43-17AF-12FA26533E5A}.Release|Any CPU.ActiveCfg = Release|Any CPU
		{531E56B1-0CD2-6D43-17AF-12FA26533E5A}.Release|Any CPU.Build.0 = Release|Any CPU
		{40C4DCF4-6D52-0DDA-3E01-4FFAD78099CC}.Debug|Any CPU.ActiveCfg = Debug|Any CPU
		{40C4DCF4-6D52-0DDA-3E01-4FFAD78099CC}.Debug|Any CPU.Build.0 = Debug|Any CPU
		{40C4DCF4-6D52-0DDA-3E01-4FFAD78099CC}.Release|Any CPU.ActiveCfg = Release|Any CPU
		{40C4DCF4-6D52-0DDA-3E01-4FFAD78099CC}.Release|Any CPU.Build.0 = Release|Any CPU
	EndGlobalSection
	GlobalSection(SolutionProperties) = preSolution
		HideSolutionNode = FALSE
	EndGlobalSection
	GlobalSection(NestedProjects) = preSolution
		{531E56B1-0CD2-6D43-17AF-12FA26533E5A} = {1AE8ACA6-933B-BF2A-3671-3E2EAC007D16}
		{40C4DCF4-6D52-0DDA-3E01-4FFAD78099CC} = {1AE8ACA6-933B-BF2A-3671-3E2EAC007D16}
	EndGlobalSection
	GlobalSection(ExtensibilityGlobals) = postSolution
		SolutionGuid = {DA91F298-B93C-4CB6-AF0E-419CA889E962}
	EndGlobalSection
EndGlobal
